
Microsoft Visual Studio Solution File, Format Version 12.00
# Visual Studio Version 17
VisualStudioVersion = 17.0.31903.59
MinimumVisualStudioVersion = 10.0.40219.1
Project("{2150E333-8FDC-42A3-9474-1A3956D46DE8}") = "src", "src", "{E7CC8F22-C7F9-4A04-B05C-0800CD75C334}"
EndProject
Project("{2150E333-8FDC-42A3-9474-1A3956D46DE8}") = "Core", "Core", "{D5071436-EF15-4A00-AE24-F16DF54178CB}"
EndProject
Project("{FAE04EC0-301F-11D3-BF4B-00C04F79EFBC}") = "HR_Management_Domain", "src\Core\HR_Management_Domain\HR_Management_Domain.csproj", "{345D5346-C5B1-4F7B-94EE-608C8E6C07FA}"
EndProject
Global
	GlobalSection(SolutionConfigurationPlatforms) = preSolution
		Debug|Any CPU = Debug|Any CPU
		Release|Any CPU = Release|Any CPU
	EndGlobalSection
	GlobalSection(SolutionProperties) = preSolution
		HideSolutionNode = FALSE
	EndGlobalSection
	GlobalSection(ProjectConfigurationPlatforms) = postSolution
		{345D5346-C5B1-4F7B-94EE-608C8E6C07FA}.Debug|Any CPU.ActiveCfg = Debug|Any CPU
		{345D5346-C5B1-4F7B-94EE-608C8E6C07FA}.Debug|Any CPU.Build.0 = Debug|Any CPU
		{345D5346-C5B1-4F7B-94EE-608C8E6C07FA}.Release|Any CPU.ActiveCfg = Release|Any CPU
		{345D5346-C5B1-4F7B-94EE-608C8E6C07FA}.Release|Any CPU.Build.0 = Release|Any CPU
	EndGlobalSection
	GlobalSection(NestedProjects) = preSolution
		{D5071436-EF15-4A00-AE24-F16DF54178CB} = {E7CC8F22-C7F9-4A04-B05C-0800CD75C334}
		{345D5346-C5B1-4F7B-94EE-608C8E6C07FA} = {D5071436-EF15-4A00-AE24-F16DF54178CB}
	EndGlobalSection
EndGlobal
