
Microsoft Visual Studio Solution File, Format Version 12.00
# Visual Studio Version 17
VisualStudioVersion = 17.0.31903.59
MinimumVisualStudioVersion = 10.0.40219.1
Project("{2150E333-8FDC-42A3-9474-1A3956D46DE8}") = "src", "src", "{E7CC8F22-C7F9-4A04-B05C-0800CD75C334}"
EndProject
Project("{2150E333-8FDC-42A3-9474-1A3956D46DE8}") = "Core", "Core", "{D5071436-EF15-4A00-AE24-F16DF54178CB}"
EndProject
Project("{FAE04EC0-301F-11D3-BF4B-00C04F79EFBC}") = "HR_Management.Application", "src\Core\HR_Management.Application\HR_Management.Application.csproj", "{992D6051-0B46-4D82-B17D-325F35AEBBFA}"
EndProject
Project("{2150E333-8FDC-42A3-9474-1A3956D46DE8}") = "Infrastructure", "Infrastructure", "{4B2259A4-DE39-4C8B-AE8A-4903C406FA8C}"
EndProject
Project("{FAE04EC0-301F-11D3-BF4B-00C04F79EFBC}") = "HR_Management.Infrastructure", "src\Infrastructure\HR_Management.Infrastructure\HR_Management.Infrastructure.csproj", "{E1C26921-D209-4399-80C1-8D4BF6ACB88C}"
EndProject
Project("{FAE04EC0-301F-11D3-BF4B-00C04F79EFBC}") = "HR_Management.Persistence", "src\Infrastructure\HR_Management.Persistence\HR_Management.Persistence.csproj", "{BDFBC648-F32E-419E-963F-DBDCC1EEA46B}"
EndProject
Project("{2150E333-8FDC-42A3-9474-1A3956D46DE8}") = "API", "API", "{6D41C814-0A92-410B-97FE-BA5B1DE7ABD3}"
EndProject
Project("{FAE04EC0-301F-11D3-BF4B-00C04F79EFBC}") = "HR_Management.Api", "src\API\HR_Management.Api\HR_Management.Api.csproj", "{902E00F1-D738-4E1A-9E14-66D42D1604D9}"
EndProject
Project("{FAE04EC0-301F-11D3-BF4B-00C04F79EFBC}") = "HR_Management.Domain", "src\Core\HR_Management.Domain\HR_Management.Domain.csproj", "{6BB78B1F-85EE-4550-96F4-A076AFEA63DC}"
EndProject
Project("{2150E333-8FDC-42A3-9474-1A3956D46DE8}") = "test", "test", "{B8C2ACC4-7738-4EF2-B497-F0D554F5D1FD}"
EndProject
Project("{FAE04EC0-301F-11D3-BF4B-00C04F79EFBC}") = "HR_Management.Application.UnitTests", "test\HR_Management.Application.UnitTests\HR_Management.Application.UnitTests.csproj", "{A2435E15-ABD9-4EC4-8B15-7E1DD1FEE7F2}"
EndProject
Global
	GlobalSection(SolutionConfigurationPlatforms) = preSolution
		Debug|Any CPU = Debug|Any CPU
		Release|Any CPU = Release|Any CPU
	EndGlobalSection
	GlobalSection(SolutionProperties) = preSolution
		HideSolutionNode = FALSE
	EndGlobalSection
	GlobalSection(ProjectConfigurationPlatforms) = postSolution
		{992D6051-0B46-4D82-B17D-325F35AEBBFA}.Debug|Any CPU.ActiveCfg = Debug|Any CPU
		{992D6051-0B46-4D82-B17D-325F35AEBBFA}.Debug|Any CPU.Build.0 = Debug|Any CPU
		{992D6051-0B46-4D82-B17D-325F35AEBBFA}.Release|Any CPU.ActiveCfg = Release|Any CPU
		{992D6051-0B46-4D82-B17D-325F35AEBBFA}.Release|Any CPU.Build.0 = Release|Any CPU
		{E1C26921-D209-4399-80C1-8D4BF6ACB88C}.Debug|Any CPU.ActiveCfg = Debug|Any CPU
		{E1C26921-D209-4399-80C1-8D4BF6ACB88C}.Debug|Any CPU.Build.0 = Debug|Any CPU
		{E1C26921-D209-4399-80C1-8D4BF6ACB88C}.Release|Any CPU.ActiveCfg = Release|Any CPU
		{E1C26921-D209-4399-80C1-8D4BF6ACB88C}.Release|Any CPU.Build.0 = Release|Any CPU
		{BDFBC648-F32E-419E-963F-DBDCC1EEA46B}.Debug|Any CPU.ActiveCfg = Debug|Any CPU
		{BDFBC648-F32E-419E-963F-DBDCC1EEA46B}.Debug|Any CPU.Build.0 = Debug|Any CPU
		{BDFBC648-F32E-419E-963F-DBDCC1EEA46B}.Release|Any CPU.ActiveCfg = Release|Any CPU
		{BDFBC648-F32E-419E-963F-DBDCC1EEA46B}.Release|Any CPU.Build.0 = Release|Any CPU
		{902E00F1-D738-4E1A-9E14-66D42D1604D9}.Debug|Any CPU.ActiveCfg = Debug|Any CPU
		{902E00F1-D738-4E1A-9E14-66D42D1604D9}.Debug|Any CPU.Build.0 = Debug|Any CPU
		{902E00F1-D738-4E1A-9E14-66D42D1604D9}.Release|Any CPU.ActiveCfg = Release|Any CPU
		{902E00F1-D738-4E1A-9E14-66D42D1604D9}.Release|Any CPU.Build.0 = Release|Any CPU
		{6BB78B1F-85EE-4550-96F4-A076AFEA63DC}.Debug|Any CPU.ActiveCfg = Debug|Any CPU
		{6BB78B1F-85EE-4550-96F4-A076AFEA63DC}.Debug|Any CPU.Build.0 = Debug|Any CPU
		{6BB78B1F-85EE-4550-96F4-A076AFEA63DC}.Release|Any CPU.ActiveCfg = Release|Any CPU
		{6BB78B1F-85EE-4550-96F4-A076AFEA63DC}.Release|Any CPU.Build.0 = Release|Any CPU
		{A2435E15-ABD9-4EC4-8B15-7E1DD1FEE7F2}.Debug|Any CPU.ActiveCfg = Debug|Any CPU
		{A2435E15-ABD9-4EC4-8B15-7E1DD1FEE7F2}.Debug|Any CPU.Build.0 = Debug|Any CPU
		{A2435E15-ABD9-4EC4-8B15-7E1DD1FEE7F2}.Release|Any CPU.ActiveCfg = Release|Any CPU
		{A2435E15-ABD9-4EC4-8B15-7E1DD1FEE7F2}.Release|Any CPU.Build.0 = Release|Any CPU
	EndGlobalSection
	GlobalSection(NestedProjects) = preSolution
		{D5071436-EF15-4A00-AE24-F16DF54178CB} = {E7CC8F22-C7F9-4A04-B05C-0800CD75C334}
		{992D6051-0B46-4D82-B17D-325F35AEBBFA} = {D5071436-EF15-4A00-AE24-F16DF54178CB}
		{4B2259A4-DE39-4C8B-AE8A-4903C406FA8C} = {E7CC8F22-C7F9-4A04-B05C-0800CD75C334}
		{E1C26921-D209-4399-80C1-8D4BF6ACB88C} = {4B2259A4-DE39-4C8B-AE8A-4903C406FA8C}
		{BDFBC648-F32E-419E-963F-DBDCC1EEA46B} = {4B2259A4-DE39-4C8B-AE8A-4903C406FA8C}
		{6D41C814-0A92-410B-97FE-BA5B1DE7ABD3} = {E7CC8F22-C7F9-4A04-B05C-0800CD75C334}
		{902E00F1-D738-4E1A-9E14-66D42D1604D9} = {6D41C814-0A92-410B-97FE-BA5B1DE7ABD3}
		{6BB78B1F-85EE-4550-96F4-A076AFEA63DC} = {D5071436-EF15-4A00-AE24-F16DF54178CB}
		{A2435E15-ABD9-4EC4-8B15-7E1DD1FEE7F2} = {B8C2ACC4-7738-4EF2-B497-F0D554F5D1FD}
	EndGlobalSection
EndGlobal
